// !$*UTF8*$!
{
	archiveVersion = 1;
	classes = {
	};
	objectVersion = 50;
	objects = {

/* Begin PBXBuildFile section */
		F0E80F772346F56500808912 /* AppDelegate.m in Sources */ = {isa = PBXBuildFile; fileRef = F0E80F762346F56500808912 /* AppDelegate.m */; };
		F0E80F7D2346F56500808912 /* Main.storyboard in Resources */ = {isa = PBXBuildFile; fileRef = F0E80F7B2346F56500808912 /* Main.storyboard */; };
		F0E80F7F2346F56700808912 /* Assets.xcassets in Resources */ = {isa = PBXBuildFile; fileRef = F0E80F7E2346F56700808912 /* Assets.xcassets */; };
		F0E80F822346F56700808912 /* LaunchScreen.storyboard in Resources */ = {isa = PBXBuildFile; fileRef = F0E80F802346F56700808912 /* LaunchScreen.storyboard */; };
		F0E80F852346F56700808912 /* main.m in Sources */ = {isa = PBXBuildFile; fileRef = F0E80F842346F56700808912 /* main.m */; };
		F0E810EA234719DF00808912 /* ReactiveObjC.framework in Frameworks */ = {isa = PBXBuildFile; fileRef = F0E810DC2347193A00808912 /* ReactiveObjC.framework */; };
		F0E810EB234719DF00808912 /* ReactiveObjC.framework in Embed Frameworks */ = {isa = PBXBuildFile; fileRef = F0E810DC2347193A00808912 /* ReactiveObjC.framework */; settings = {ATTRIBUTES = (CodeSignOnCopy, RemoveHeadersOnCopy, ); }; };
		F0E810F4234AD67000808912 /* LoginViewController.m in Sources */ = {isa = PBXBuildFile; fileRef = F0E810F2234AD66F00808912 /* LoginViewController.m */; };
		F0E810F5234AD67000808912 /* LoginViewController.xib in Resources */ = {isa = PBXBuildFile; fileRef = F0E810F3234AD66F00808912 /* LoginViewController.xib */; };
		F0E810F9234AD90900808912 /* BaseViewModel.m in Sources */ = {isa = PBXBuildFile; fileRef = F0E810F8234AD90900808912 /* BaseViewModel.m */; };
		F0E810FD234AD9D900808912 /* BaseViewController.m in Sources */ = {isa = PBXBuildFile; fileRef = F0E810FC234AD9D900808912 /* BaseViewController.m */; };
		F0E8110B234ADAD400808912 /* LoginViewModel.m in Sources */ = {isa = PBXBuildFile; fileRef = F0E8110A234ADAD400808912 /* LoginViewModel.m */; };
		F0E8110F234ADD5800808912 /* NSString+Utils.m in Sources */ = {isa = PBXBuildFile; fileRef = F0E8110E234ADD5800808912 /* NSString+Utils.m */; };
		F0E81113234AEE0200808912 /* UITextField+Utils.m in Sources */ = {isa = PBXBuildFile; fileRef = F0E81112234AEE0200808912 /* UITextField+Utils.m */; };
		F0E81119234B0A8200808912 /* LoadingView.m in Sources */ = {isa = PBXBuildFile; fileRef = F0E81118234B0A8200808912 /* LoadingView.m */; };
/* End PBXBuildFile section */

/* Begin PBXContainerItemProxy section */
		F0E810D72347193A00808912 /* PBXContainerItemProxy */ = {
			isa = PBXContainerItemProxy;
			containerPortal = F0E810CD2347193A00808912 /* ReactiveObjC.xcodeproj */;
			proxyType = 2;
			remoteGlobalIDString = D04725EA19E49ED7006002AA;
			remoteInfo = "ReactiveObjC-macOS";
		};
		F0E810D92347193A00808912 /* PBXContainerItemProxy */ = {
			isa = PBXContainerItemProxy;
			containerPortal = F0E810CD2347193A00808912 /* ReactiveObjC.xcodeproj */;
			proxyType = 2;
			remoteGlobalIDString = D04725F519E49ED7006002AA;
			remoteInfo = "ReactiveObjC-macOSTests";
		};
		F0E810DB2347193A00808912 /* PBXContainerItemProxy */ = {
			isa = PBXContainerItemProxy;
			containerPortal = F0E810CD2347193A00808912 /* ReactiveObjC.xcodeproj */;
			proxyType = 2;
			remoteGlobalIDString = D047260C19E49F82006002AA;
			remoteInfo = "ReactiveObjC-iOS";
		};
		F0E810DD2347193A00808912 /* PBXContainerItemProxy */ = {
			isa = PBXContainerItemProxy;
			containerPortal = F0E810CD2347193A00808912 /* ReactiveObjC.xcodeproj */;
			proxyType = 2;
			remoteGlobalIDString = D047261619E49F82006002AA;
			remoteInfo = "ReactiveObjC-iOSTests";
		};
		F0E810DF2347193A00808912 /* PBXContainerItemProxy */ = {
			isa = PBXContainerItemProxy;
			containerPortal = F0E810CD2347193A00808912 /* ReactiveObjC.xcodeproj */;
			proxyType = 2;
			remoteGlobalIDString = A9B315541B3940610001CB9C;
			remoteInfo = "ReactiveObjC-watchOS";
		};
		F0E810E12347193A00808912 /* PBXContainerItemProxy */ = {
			isa = PBXContainerItemProxy;
			containerPortal = F0E810CD2347193A00808912 /* ReactiveObjC.xcodeproj */;
			proxyType = 2;
			remoteGlobalIDString = 57A4D2411BA13D7A00F7D4B1;
			remoteInfo = "ReactiveObjC-tvOS";
		};
		F0E810E32347193A00808912 /* PBXContainerItemProxy */ = {
			isa = PBXContainerItemProxy;
			containerPortal = F0E810CD2347193A00808912 /* ReactiveObjC.xcodeproj */;
			proxyType = 2;
			remoteGlobalIDString = 7DFBED031CDB8C9500EE435B;
			remoteInfo = "ReactiveObjC-tvOSTests";
		};
		F0E810EC234719DF00808912 /* PBXContainerItemProxy */ = {
			isa = PBXContainerItemProxy;
			containerPortal = F0E810CD2347193A00808912 /* ReactiveObjC.xcodeproj */;
			proxyType = 1;
			remoteGlobalIDString = D047260B19E49F82006002AA;
			remoteInfo = "ReactiveObjC-iOS";
		};
/* End PBXContainerItemProxy section */

/* Begin PBXCopyFilesBuildPhase section */
		F0E810EE234719E000808912 /* Embed Frameworks */ = {
			isa = PBXCopyFilesBuildPhase;
			buildActionMask = 2147483647;
			dstPath = "";
			dstSubfolderSpec = 10;
			files = (
				F0E810EB234719DF00808912 /* ReactiveObjC.framework in Embed Frameworks */,
			);
			name = "Embed Frameworks";
			runOnlyForDeploymentPostprocessing = 0;
		};
/* End PBXCopyFilesBuildPhase section */

/* Begin PBXFileReference section */
		F0E80F722346F56500808912 /* ReactiveObjc+MVVM_Demo.app */ = {isa = PBXFileReference; explicitFileType = wrapper.application; includeInIndex = 0; path = "ReactiveObjc+MVVM_Demo.app"; sourceTree = BUILT_PRODUCTS_DIR; };
		F0E80F752346F56500808912 /* AppDelegate.h */ = {isa = PBXFileReference; lastKnownFileType = sourcecode.c.h; path = AppDelegate.h; sourceTree = "<group>"; };
		F0E80F762346F56500808912 /* AppDelegate.m */ = {isa = PBXFileReference; lastKnownFileType = sourcecode.c.objc; path = AppDelegate.m; sourceTree = "<group>"; };
		F0E80F7C2346F56500808912 /* Base */ = {isa = PBXFileReference; lastKnownFileType = file.storyboard; name = Base; path = Base.lproj/Main.storyboard; sourceTree = "<group>"; };
		F0E80F7E2346F56700808912 /* Assets.xcassets */ = {isa = PBXFileReference; lastKnownFileType = folder.assetcatalog; path = Assets.xcassets; sourceTree = "<group>"; };
		F0E80F812346F56700808912 /* Base */ = {isa = PBXFileReference; lastKnownFileType = file.storyboard; name = Base; path = Base.lproj/LaunchScreen.storyboard; sourceTree = "<group>"; };
		F0E80F832346F56700808912 /* Info.plist */ = {isa = PBXFileReference; lastKnownFileType = text.plist.xml; path = Info.plist; sourceTree = "<group>"; };
		F0E80F842346F56700808912 /* main.m */ = {isa = PBXFileReference; lastKnownFileType = sourcecode.c.objc; path = main.m; sourceTree = "<group>"; };
		F0E810CD2347193A00808912 /* ReactiveObjC.xcodeproj */ = {isa = PBXFileReference; lastKnownFileType = "wrapper.pb-project"; name = ReactiveObjC.xcodeproj; path = ReactiveObjC/ReactiveObjC.xcodeproj; sourceTree = SOURCE_ROOT; };
		F0E810F1234AD66F00808912 /* LoginViewController.h */ = {isa = PBXFileReference; lastKnownFileType = sourcecode.c.h; path = LoginViewController.h; sourceTree = "<group>"; };
		F0E810F2234AD66F00808912 /* LoginViewController.m */ = {isa = PBXFileReference; lastKnownFileType = sourcecode.c.objc; path = LoginViewController.m; sourceTree = "<group>"; };
		F0E810F3234AD66F00808912 /* LoginViewController.xib */ = {isa = PBXFileReference; lastKnownFileType = file.xib; path = LoginViewController.xib; sourceTree = "<group>"; };
		F0E810F7234AD90900808912 /* BaseViewModel.h */ = {isa = PBXFileReference; lastKnownFileType = sourcecode.c.h; path = BaseViewModel.h; sourceTree = "<group>"; };
		F0E810F8234AD90900808912 /* BaseViewModel.m */ = {isa = PBXFileReference; lastKnownFileType = sourcecode.c.objc; path = BaseViewModel.m; sourceTree = "<group>"; };
		F0E810FA234AD92200808912 /* ViewModelType.h */ = {isa = PBXFileReference; lastKnownFileType = sourcecode.c.h; path = ViewModelType.h; sourceTree = "<group>"; };
		F0E810FB234AD9D900808912 /* BaseViewController.h */ = {isa = PBXFileReference; lastKnownFileType = sourcecode.c.h; path = BaseViewController.h; sourceTree = "<group>"; };
		F0E810FC234AD9D900808912 /* BaseViewController.m */ = {isa = PBXFileReference; lastKnownFileType = sourcecode.c.objc; path = BaseViewController.m; sourceTree = "<group>"; };
		F0E81109234ADAD400808912 /* LoginViewModel.h */ = {isa = PBXFileReference; lastKnownFileType = sourcecode.c.h; path = LoginViewModel.h; sourceTree = "<group>"; };
		F0E8110A234ADAD400808912 /* LoginViewModel.m */ = {isa = PBXFileReference; lastKnownFileType = sourcecode.c.objc; path = LoginViewModel.m; sourceTree = "<group>"; };
		F0E8110D234ADD5800808912 /* NSString+Utils.h */ = {isa = PBXFileReference; lastKnownFileType = sourcecode.c.h; path = "NSString+Utils.h"; sourceTree = "<group>"; };
		F0E8110E234ADD5800808912 /* NSString+Utils.m */ = {isa = PBXFileReference; lastKnownFileType = sourcecode.c.objc; path = "NSString+Utils.m"; sourceTree = "<group>"; };
		F0E81111234AEE0200808912 /* UITextField+Utils.h */ = {isa = PBXFileReference; lastKnownFileType = sourcecode.c.h; path = "UITextField+Utils.h"; sourceTree = "<group>"; };
		F0E81112234AEE0200808912 /* UITextField+Utils.m */ = {isa = PBXFileReference; lastKnownFileType = sourcecode.c.objc; path = "UITextField+Utils.m"; sourceTree = "<group>"; };
		F0E81117234B0A8200808912 /* LoadingView.h */ = {isa = PBXFileReference; lastKnownFileType = sourcecode.c.h; path = LoadingView.h; sourceTree = "<group>"; };
		F0E81118234B0A8200808912 /* LoadingView.m */ = {isa = PBXFileReference; lastKnownFileType = sourcecode.c.objc; path = LoadingView.m; sourceTree = "<group>"; };
/* End PBXFileReference section */

/* Begin PBXFrameworksBuildPhase section */
		F0E80F6F2346F56500808912 /* Frameworks */ = {
			isa = PBXFrameworksBuildPhase;
			buildActionMask = 2147483647;
			files = (
				F0E810EA234719DF00808912 /* ReactiveObjC.framework in Frameworks */,
			);
			runOnlyForDeploymentPostprocessing = 0;
		};
/* End PBXFrameworksBuildPhase section */

/* Begin PBXGroup section */
		F0E80F692346F56500808912 = {
			isa = PBXGroup;
			children = (
				F0E80F742346F56500808912 /* ReactiveObjc+MVVM_Demo */,
				F0E80F732346F56500808912 /* Products */,
				F0E810E52347196200808912 /* Frameworks */,
			);
			sourceTree = "<group>";
		};
		F0E80F732346F56500808912 /* Products */ = {
			isa = PBXGroup;
			children = (
				F0E80F722346F56500808912 /* ReactiveObjc+MVVM_Demo.app */,
			);
			name = Products;
			sourceTree = "<group>";
		};
		F0E80F742346F56500808912 /* ReactiveObjc+MVVM_Demo */ = {
			isa = PBXGroup;
			children = (
				F0E810CD2347193A00808912 /* ReactiveObjC.xcodeproj */,
				F0E80F752346F56500808912 /* AppDelegate.h */,
				F0E80F762346F56500808912 /* AppDelegate.m */,
				F0E80F7B2346F56500808912 /* Main.storyboard */,
				F0E80F7E2346F56700808912 /* Assets.xcassets */,
				F0E80F802346F56700808912 /* LaunchScreen.storyboard */,
				F0E80F832346F56700808912 /* Info.plist */,
				F0E80F842346F56700808912 /* main.m */,
				F0E8111B234B0AB500808912 /* Login */,
				F0E81108234ADAAD00808912 /* Base */,
				F0E81107234ADAA100808912 /* Protocol */,
				F0E81110234ADD9B00808912 /* Utils */,
			);
			path = "ReactiveObjc+MVVM_Demo";
			sourceTree = "<group>";
		};
		F0E810CE2347193A00808912 /* Products */ = {
			isa = PBXGroup;
			children = (
				F0E810D82347193A00808912 /* ReactiveObjC.framework */,
				F0E810DA2347193A00808912 /* ReactiveObjCTests.xctest */,
				F0E810DC2347193A00808912 /* ReactiveObjC.framework */,
				F0E810DE2347193A00808912 /* ReactiveObjCTests.xctest */,
				F0E810E02347193A00808912 /* ReactiveObjC.framework */,
				F0E810E22347193A00808912 /* ReactiveObjC.framework */,
				F0E810E42347193A00808912 /* ReactiveObjCTests.xctest */,
			);
			name = Products;
			sourceTree = "<group>";
		};
		F0E810E52347196200808912 /* Frameworks */ = {
			isa = PBXGroup;
			children = (
			);
			name = Frameworks;
			sourceTree = "<group>";
		};
		F0E810F6234AD8BA00808912 /* LoginViewController */ = {
			isa = PBXGroup;
			children = (
				F0E810F1234AD66F00808912 /* LoginViewController.h */,
				F0E810F2234AD66F00808912 /* LoginViewController.m */,
				F0E810F3234AD66F00808912 /* LoginViewController.xib */,
			);
			path = LoginViewController;
			sourceTree = "<group>";
		};
		F0E810FE234ADA4000808912 /* BaseVM */ = {
			isa = PBXGroup;
			children = (
				F0E810F7234AD90900808912 /* BaseViewModel.h */,
				F0E810F8234AD90900808912 /* BaseViewModel.m */,
			);
			path = BaseVM;
			sourceTree = "<group>";
		};
		F0E81106234ADA9500808912 /* BaseVC */ = {
			isa = PBXGroup;
			children = (
				F0E810FB234AD9D900808912 /* BaseViewController.h */,
				F0E810FC234AD9D900808912 /* BaseViewController.m */,
			);
			path = BaseVC;
			sourceTree = "<group>";
		};
		F0E81107234ADAA100808912 /* Protocol */ = {
			isa = PBXGroup;
			children = (
				F0E810FA234AD92200808912 /* ViewModelType.h */,
			);
			path = Protocol;
			sourceTree = "<group>";
		};
		F0E81108234ADAAD00808912 /* Base */ = {
			isa = PBXGroup;
			children = (
				F0E810FE234ADA4000808912 /* BaseVM */,
				F0E81106234ADA9500808912 /* BaseVC */,
			);
			path = Base;
			sourceTree = "<group>";
		};
		F0E8110C234ADADB00808912 /* LoginViewModel */ = {
			isa = PBXGroup;
			children = (
				F0E81109234ADAD400808912 /* LoginViewModel.h */,
				F0E8110A234ADAD400808912 /* LoginViewModel.m */,
			);
			path = LoginViewModel;
			sourceTree = "<group>";
		};
		F0E81110234ADD9B00808912 /* Utils */ = {
			isa = PBXGroup;
			children = (
				F0E8110D234ADD5800808912 /* NSString+Utils.h */,
				F0E8110E234ADD5800808912 /* NSString+Utils.m */,
				F0E81111234AEE0200808912 /* UITextField+Utils.h */,
				F0E81112234AEE0200808912 /* UITextField+Utils.m */,
			);
			path = Utils;
			sourceTree = "<group>";
		};
		F0E8111A234B0A8A00808912 /* LoadingView */ = {
			isa = PBXGroup;
			children = (
				F0E81117234B0A8200808912 /* LoadingView.h */,
				F0E81118234B0A8200808912 /* LoadingView.m */,
			);
			path = LoadingView;
			sourceTree = "<group>";
		};
		F0E8111B234B0AB500808912 /* Login */ = {
			isa = PBXGroup;
			children = (
				F0E8111A234B0A8A00808912 /* LoadingView */,
				F0E810F6234AD8BA00808912 /* LoginViewController */,
				F0E8110C234ADADB00808912 /* LoginViewModel */,
			);
			path = Login;
			sourceTree = "<group>";
		};
/* End PBXGroup section */

/* Begin PBXNativeTarget section */
		F0E80F712346F56500808912 /* ReactiveObjc+MVVM_Demo */ = {
			isa = PBXNativeTarget;
			buildConfigurationList = F0E80F882346F56700808912 /* Build configuration list for PBXNativeTarget "ReactiveObjc+MVVM_Demo" */;
			buildPhases = (
				F0E80F6E2346F56500808912 /* Sources */,
				F0E80F6F2346F56500808912 /* Frameworks */,
				F0E80F702346F56500808912 /* Resources */,
				F0E810EE234719E000808912 /* Embed Frameworks */,
			);
			buildRules = (
			);
			dependencies = (
				F0E810ED234719DF00808912 /* PBXTargetDependency */,
			);
			name = "ReactiveObjc+MVVM_Demo";
			productName = "ReactiveObjc+MVVM_Demo";
			productReference = F0E80F722346F56500808912 /* ReactiveObjc+MVVM_Demo.app */;
			productType = "com.apple.product-type.application";
		};
/* End PBXNativeTarget section */

/* Begin PBXProject section */
		F0E80F6A2346F56500808912 /* Project object */ = {
			isa = PBXProject;
			attributes = {
				LastUpgradeCheck = 1020;
				ORGANIZATIONNAME = Sean.Yue;
				TargetAttributes = {
					F0E80F712346F56500808912 = {
						CreatedOnToolsVersion = 10.2.1;
					};
				};
			};
			buildConfigurationList = F0E80F6D2346F56500808912 /* Build configuration list for PBXProject "ReactiveObjc+MVVM_Demo" */;
			compatibilityVersion = "Xcode 9.3";
			developmentRegion = en;
			hasScannedForEncodings = 0;
			knownRegions = (
				en,
				Base,
			);
			mainGroup = F0E80F692346F56500808912;
			productRefGroup = F0E80F732346F56500808912 /* Products */;
			projectDirPath = "";
			projectReferences = (
				{
					ProductGroup = F0E810CE2347193A00808912 /* Products */;
					ProjectRef = F0E810CD2347193A00808912 /* ReactiveObjC.xcodeproj */;
				},
			);
			projectRoot = "";
			targets = (
				F0E80F712346F56500808912 /* ReactiveObjc+MVVM_Demo */,
			);
		};
/* End PBXProject section */

/* Begin PBXReferenceProxy section */
		F0E810D82347193A00808912 /* ReactiveObjC.framework */ = {
			isa = PBXReferenceProxy;
			fileType = wrapper.framework;
			path = ReactiveObjC.framework;
			remoteRef = F0E810D72347193A00808912 /* PBXContainerItemProxy */;
			sourceTree = BUILT_PRODUCTS_DIR;
		};
		F0E810DA2347193A00808912 /* ReactiveObjCTests.xctest */ = {
			isa = PBXReferenceProxy;
			fileType = wrapper.cfbundle;
			path = ReactiveObjCTests.xctest;
			remoteRef = F0E810D92347193A00808912 /* PBXContainerItemProxy */;
			sourceTree = BUILT_PRODUCTS_DIR;
		};
		F0E810DC2347193A00808912 /* ReactiveObjC.framework */ = {
			isa = PBXReferenceProxy;
			fileType = wrapper.framework;
			path = ReactiveObjC.framework;
			remoteRef = F0E810DB2347193A00808912 /* PBXContainerItemProxy */;
			sourceTree = BUILT_PRODUCTS_DIR;
		};
		F0E810DE2347193A00808912 /* ReactiveObjCTests.xctest */ = {
			isa = PBXReferenceProxy;
			fileType = wrapper.cfbundle;
			path = ReactiveObjCTests.xctest;
			remoteRef = F0E810DD2347193A00808912 /* PBXContainerItemProxy */;
			sourceTree = BUILT_PRODUCTS_DIR;
		};
		F0E810E02347193A00808912 /* ReactiveObjC.framework */ = {
			isa = PBXReferenceProxy;
			fileType = wrapper.framework;
			path = ReactiveObjC.framework;
			remoteRef = F0E810DF2347193A00808912 /* PBXContainerItemProxy */;
			sourceTree = BUILT_PRODUCTS_DIR;
		};
		F0E810E22347193A00808912 /* ReactiveObjC.framework */ = {
			isa = PBXReferenceProxy;
			fileType = wrapper.framework;
			path = ReactiveObjC.framework;
			remoteRef = F0E810E12347193A00808912 /* PBXContainerItemProxy */;
			sourceTree = BUILT_PRODUCTS_DIR;
		};
		F0E810E42347193A00808912 /* ReactiveObjCTests.xctest */ = {
			isa = PBXReferenceProxy;
			fileType = wrapper.cfbundle;
			path = ReactiveObjCTests.xctest;
			remoteRef = F0E810E32347193A00808912 /* PBXContainerItemProxy */;
			sourceTree = BUILT_PRODUCTS_DIR;
		};
/* End PBXReferenceProxy section */

/* Begin PBXResourcesBuildPhase section */
		F0E80F702346F56500808912 /* Resources */ = {
			isa = PBXResourcesBuildPhase;
			buildActionMask = 2147483647;
			files = (
				F0E810F5234AD67000808912 /* LoginViewController.xib in Resources */,
				F0E80F822346F56700808912 /* LaunchScreen.storyboard in Resources */,
				F0E80F7F2346F56700808912 /* Assets.xcassets in Resources */,
				F0E80F7D2346F56500808912 /* Main.storyboard in Resources */,
			);
			runOnlyForDeploymentPostprocessing = 0;
		};
/* End PBXResourcesBuildPhase section */

/* Begin PBXSourcesBuildPhase section */
		F0E80F6E2346F56500808912 /* Sources */ = {
			isa = PBXSourcesBuildPhase;
			buildActionMask = 2147483647;
			files = (
				F0E810F4234AD67000808912 /* LoginViewController.m in Sources */,
				F0E81119234B0A8200808912 /* LoadingView.m in Sources */,
				F0E810FD234AD9D900808912 /* BaseViewController.m in Sources */,
				F0E80F852346F56700808912 /* main.m in Sources */,
				F0E8110B234ADAD400808912 /* LoginViewModel.m in Sources */,
				F0E80F772346F56500808912 /* AppDelegate.m in Sources */,
				F0E81113234AEE0200808912 /* UITextField+Utils.m in Sources */,
				F0E810F9234AD90900808912 /* BaseViewModel.m in Sources */,
				F0E8110F234ADD5800808912 /* NSString+Utils.m in Sources */,
			);
			runOnlyForDeploymentPostprocessing = 0;
		};
/* End PBXSourcesBuildPhase section */

/* Begin PBXTargetDependency section */
		F0E810ED234719DF00808912 /* PBXTargetDependency */ = {
			isa = PBXTargetDependency;
			name = "ReactiveObjC-iOS";
			targetProxy = F0E810EC234719DF00808912 /* PBXContainerItemProxy */;
		};
/* End PBXTargetDependency section */

/* Begin PBXVariantGroup section */
		F0E80F7B2346F56500808912 /* Main.storyboard */ = {
			isa = PBXVariantGroup;
			children = (
				F0E80F7C2346F56500808912 /* Base */,
			);
			name = Main.storyboard;
			sourceTree = "<group>";
		};
		F0E80F802346F56700808912 /* LaunchScreen.storyboard */ = {
			isa = PBXVariantGroup;
			children = (
				F0E80F812346F56700808912 /* Base */,
			);
			name = LaunchScreen.storyboard;
			sourceTree = "<group>";
		};
/* End PBXVariantGroup section */

/* Begin XCBuildConfiguration section */
		F0E80F862346F56700808912 /* Debug */ = {
			isa = XCBuildConfiguration;
			buildSettings = {
				ALWAYS_SEARCH_USER_PATHS = NO;
				CLANG_ANALYZER_NONNULL = YES;
				CLANG_ANALYZER_NUMBER_OBJECT_CONVERSION = YES_AGGRESSIVE;
				CLANG_CXX_LANGUAGE_STANDARD = "gnu++14";
				CLANG_CXX_LIBRARY = "libc++";
				CLANG_ENABLE_MODULES = YES;
				CLANG_ENABLE_OBJC_ARC = YES;
				CLANG_ENABLE_OBJC_WEAK = YES;
				CLANG_WARN_BLOCK_CAPTURE_AUTORELEASING = YES;
				CLANG_WARN_BOOL_CONVERSION = YES;
				CLANG_WARN_COMMA = YES;
				CLANG_WARN_CONSTANT_CONVERSION = YES;
				CLANG_WARN_DEPRECATED_OBJC_IMPLEMENTATIONS = YES;
				CLANG_WARN_DIRECT_OBJC_ISA_USAGE = YES_ERROR;
				CLANG_WARN_DOCUMENTATION_COMMENTS = YES;
				CLANG_WARN_EMPTY_BODY = YES;
				CLANG_WARN_ENUM_CONVERSION = YES;
				CLANG_WARN_INFINITE_RECURSION = YES;
				CLANG_WARN_INT_CONVERSION = YES;
				CLANG_WARN_NON_LITERAL_NULL_CONVERSION = YES;
				CLANG_WARN_OBJC_IMPLICIT_RETAIN_SELF = YES;
				CLANG_WARN_OBJC_LITERAL_CONVERSION = YES;
				CLANG_WARN_OBJC_ROOT_CLASS = YES_ERROR;
				CLANG_WARN_RANGE_LOOP_ANALYSIS = YES;
				CLANG_WARN_STRICT_PROTOTYPES = YES;
				CLANG_WARN_SUSPICIOUS_MOVE = YES;
				CLANG_WARN_UNGUARDED_AVAILABILITY = YES_AGGRESSIVE;
				CLANG_WARN_UNREACHABLE_CODE = YES;
				CLANG_WARN__DUPLICATE_METHOD_MATCH = YES;
				CODE_SIGN_IDENTITY = "iPhone Developer";
				COPY_PHASE_STRIP = NO;
				DEBUG_INFORMATION_FORMAT = dwarf;
				ENABLE_STRICT_OBJC_MSGSEND = YES;
				ENABLE_TESTABILITY = YES;
				GCC_C_LANGUAGE_STANDARD = gnu11;
				GCC_DYNAMIC_NO_PIC = NO;
				GCC_NO_COMMON_BLOCKS = YES;
				GCC_OPTIMIZATION_LEVEL = 0;
				GCC_PREPROCESSOR_DEFINITIONS = (
					"DEBUG=1",
					"$(inherited)",
				);
				GCC_WARN_64_TO_32_BIT_CONVERSION = YES;
				GCC_WARN_ABOUT_RETURN_TYPE = YES_ERROR;
				GCC_WARN_UNDECLARED_SELECTOR = YES;
				GCC_WARN_UNINITIALIZED_AUTOS = YES_AGGRESSIVE;
				GCC_WARN_UNUSED_FUNCTION = YES;
				GCC_WARN_UNUSED_VARIABLE = YES;
				IPHONEOS_DEPLOYMENT_TARGET = 9.0;
				MTL_ENABLE_DEBUG_INFO = INCLUDE_SOURCE;
				MTL_FAST_MATH = YES;
				ONLY_ACTIVE_ARCH = YES;
				SDKROOT = iphoneos;
			};
			name = Debug;
		};
		F0E80F872346F56700808912 /* Release */ = {
			isa = XCBuildConfiguration;
			buildSettings = {
				ALWAYS_SEARCH_USER_PATHS = NO;
				CLANG_ANALYZER_NONNULL = YES;
				CLANG_ANALYZER_NUMBER_OBJECT_CONVERSION = YES_AGGRESSIVE;
				CLANG_CXX_LANGUAGE_STANDARD = "gnu++14";
				CLANG_CXX_LIBRARY = "libc++";
				CLANG_ENABLE_MODULES = YES;
				CLANG_ENABLE_OBJC_ARC = YES;
				CLANG_ENABLE_OBJC_WEAK = YES;
				CLANG_WARN_BLOCK_CAPTURE_AUTORELEASING = YES;
				CLANG_WARN_BOOL_CONVERSION = YES;
				CLANG_WARN_COMMA = YES;
				CLANG_WARN_CONSTANT_CONVERSION = YES;
				CLANG_WARN_DEPRECATED_OBJC_IMPLEMENTATIONS = YES;
				CLANG_WARN_DIRECT_OBJC_ISA_USAGE = YES_ERROR;
				CLANG_WARN_DOCUMENTATION_COMMENTS = YES;
				CLANG_WARN_EMPTY_BODY = YES;
				CLANG_WARN_ENUM_CONVERSION = YES;
				CLANG_WARN_INFINITE_RECURSION = YES;
				CLANG_WARN_INT_CONVERSION = YES;
				CLANG_WARN_NON_LITERAL_NULL_CONVERSION = YES;
				CLANG_WARN_OBJC_IMPLICIT_RETAIN_SELF = YES;
				CLANG_WARN_OBJC_LITERAL_CONVERSION = YES;
				CLANG_WARN_OBJC_ROOT_CLASS = YES_ERROR;
				CLANG_WARN_RANGE_LOOP_ANALYSIS = YES;
				CLANG_WARN_STRICT_PROTOTYPES = YES;
				CLANG_WARN_SUSPICIOUS_MOVE = YES;
				CLANG_WARN_UNGUARDED_AVAILABILITY = YES_AGGRESSIVE;
				CLANG_WARN_UNREACHABLE_CODE = YES;
				CLANG_WARN__DUPLICATE_METHOD_MATCH = YES;
				CODE_SIGN_IDENTITY = "iPhone Developer";
				COPY_PHASE_STRIP = NO;
				DEBUG_INFORMATION_FORMAT = "dwarf-with-dsym";
				ENABLE_NS_ASSERTIONS = NO;
				ENABLE_STRICT_OBJC_MSGSEND = YES;
				GCC_C_LANGUAGE_STANDARD = gnu11;
				GCC_NO_COMMON_BLOCKS = YES;
				GCC_WARN_64_TO_32_BIT_CONVERSION = YES;
				GCC_WARN_ABOUT_RETURN_TYPE = YES_ERROR;
				GCC_WARN_UNDECLARED_SELECTOR = YES;
				GCC_WARN_UNINITIALIZED_AUTOS = YES_AGGRESSIVE;
				GCC_WARN_UNUSED_FUNCTION = YES;
				GCC_WARN_UNUSED_VARIABLE = YES;
				IPHONEOS_DEPLOYMENT_TARGET = 9.0;
				MTL_ENABLE_DEBUG_INFO = NO;
				MTL_FAST_MATH = YES;
				SDKROOT = iphoneos;
				VALIDATE_PRODUCT = YES;
			};
			name = Release;
		};
		F0E80F892346F56700808912 /* Debug */ = {
			isa = XCBuildConfiguration;
			buildSettings = {
				ALWAYS_EMBED_SWIFT_STANDARD_LIBRARIES = YES;
				ASSETCATALOG_COMPILER_APPICON_NAME = AppIcon;
				CODE_SIGN_STYLE = Automatic;
				HEADER_SEARCH_PATHS = (
					"\"$(BUILD_ROOT)/../IntermediateBuildFilesPath/UninstalledProducts/include\"",
					"$(inherited)",
				);
				INFOPLIST_FILE = "ReactiveObjc+MVVM_Demo/Info.plist";
				LD_RUNPATH_SEARCH_PATHS = (
					"$(inherited)",
					"@executable_path/Frameworks",
				);
				OTHER_LDFLAGS = "-ObjC";
				PRODUCT_BUNDLE_IDENTIFIER = "sean.yue.ReactiveObjc-MVVM-Demo";
				PRODUCT_NAME = "$(TARGET_NAME)";
				TARGETED_DEVICE_FAMILY = "1,2";
			};
			name = Debug;
		};
		F0E80F8A2346F56700808912 /* Release */ = {
			isa = XCBuildConfiguration;
			buildSettings = {
				ALWAYS_EMBED_SWIFT_STANDARD_LIBRARIES = YES;
				ASSETCATALOG_COMPILER_APPICON_NAME = AppIcon;
				CODE_SIGN_STYLE = Automatic;
				HEADER_SEARCH_PATHS = (
					"\"$(BUILD_ROOT)/../IntermediateBuildFilesPath/UninstalledProducts/include\"",
					"$(inherited)",
				);
				INFOPLIST_FILE = "ReactiveObjc+MVVM_Demo/Info.plist";
				LD_RUNPATH_SEARCH_PATHS = (
					"$(inherited)",
					"@executable_path/Frameworks",
				);
				OTHER_LDFLAGS = "-ObjC";
				PRODUCT_BUNDLE_IDENTIFIER = "sean.yue.ReactiveObjc-MVVM-Demo";
				PRODUCT_NAME = "$(TARGET_NAME)";
				TARGETED_DEVICE_FAMILY = "1,2";
			};
			name = Release;
		};
/* End XCBuildConfiguration section */

/* Begin XCConfigurationList section */
		F0E80F6D2346F56500808912 /* Build configuration list for PBXProject "ReactiveObjc+MVVM_Demo" */ = {
			isa = XCConfigurationList;
			buildConfigurations = (
				F0E80F862346F56700808912 /* Debug */,
				F0E80F872346F56700808912 /* Release */,
			);
			defaultConfigurationIsVisible = 0;
			defaultConfigurationName = Release;
		};
		F0E80F882346F56700808912 /* Build configuration list for PBXNativeTarget "ReactiveObjc+MVVM_Demo" */ = {
			isa = XCConfigurationList;
			buildConfigurations = (
				F0E80F892346F56700808912 /* Debug */,
				F0E80F8A2346F56700808912 /* Release */,
			);
			defaultConfigurationIsVisible = 0;
			defaultConfigurationName = Release;
		};
/* End XCConfigurationList section */
	};
	rootObject = F0E80F6A2346F56500808912 /* Project object */;
}
